
Microsoft Visual Studio Solution File, Format Version 12.00
# Visual Studio Version 17
VisualStudioVersion = 17.11.35312.102
MinimumVisualStudioVersion = 10.0.40219.1
Project("{FAE04EC0-301F-11D3-BF4B-00C04F79EFBC}") = "BTN1", "BTN1\BTN1.csproj", "{6C65B65D-A13E-4052-AE57-E776633E5BD4}"
EndProject
Global
	GlobalSection(SolutionConfigurationPlatforms) = preSolution
		Debug|Any CPU = Debug|Any CPU
		Release|Any CPU = Release|Any CPU
	EndGlobalSection
	GlobalSection(ProjectConfigurationPlatforms) = postSolution
		{6C65B65D-A13E-4052-AE57-E776633E5BD4}.Debug|Any CPU.ActiveCfg = Debug|Any CPU
		{6C65B65D-A13E-4052-AE57-E776633E5BD4}.Debug|Any CPU.Build.0 = Debug|Any CPU
		{6C65B65D-A13E-4052-AE57-E776633E5BD4}.Release|Any CPU.ActiveCfg = Release|Any CPU
		{6C65B65D-A13E-4052-AE57-E776633E5BD4}.Release|Any CPU.Build.0 = Release|Any CPU
	EndGlobalSection
	GlobalSection(SolutionProperties) = preSolution
		HideSolutionNode = FALSE
	EndGlobalSection
	GlobalSection(ExtensibilityGlobals) = postSolution
		SolutionGuid = {137B6D02-C4C0-4C7D-B295-413C3F79BA57}
	EndGlobalSection
EndGlobal
